{
  "version": 4,
  "terraform_version": "1.12.2",
  "serial": 32,
  "lineage": "b6154fd0-9462-28ca-0e88-845f023d3451",
  "outputs": {
    "server_ip": {
      "value": "37.27.89.162",
      "type": "string"
    },
    "server_name": {
      "value": "n8n-server",
      "type": "string"
    }
  },
  "resources": [
    {
      "mode": "managed",
      "type": "hcloud_server",
      "name": "n8n",
      "provider": "provider[\"registry.terraform.io/hetznercloud/hcloud\"]",
      "instances": [
        {
          "schema_version": 0,
          "attributes": {
            "allow_deprecated_images": false,
            "backup_window": "",
            "backups": false,
            "datacenter": "hel1-dc2",
            "delete_protection": false,
            "firewall_ids": [],
            "id": "105638276",
            "ignore_remote_firewall_ids": false,
            "image": "ubuntu-22.04",
            "ipv4_address": "37.27.89.162",
            "ipv6_address": "2a01:4f9:c010:afba::1",
            "ipv6_network": "2a01:4f9:c010:afba::/64",
            "iso": null,
            "keep_disk": false,
            "labels": null,
            "location": "hel1",
            "name": "n8n-server",
            "network": [],
            "placement_group_id": 0,
            "primary_disk_size": 40,
            "public_net": [],
            "rebuild_protection": false,
            "rescue": null,
            "server_type": "cx22",
            "shutdown_before_deletion": false,
            "ssh_keys": [
              "100601865"
            ],
            "status": "running",
            "timeouts": null,
            "user_data": "ahaJsRqw0/5lNMj9EAiTSlHr3sc="
          },
          "sensitive_attributes": [],
          "identity_schema_version": 0,
          "private": "eyJlMmJmYjczMC1lY2FhLTExZTYtOGY4OC0zNDM2M2JjN2M0YzAiOnsiY3JlYXRlIjo1NDAwMDAwMDAwMDAwfX0=",
          "dependencies": [
            "hcloud_ssh_key.default"
          ]
        }
      ]
    },
    {
      "mode": "managed",
      "type": "hcloud_ssh_key",
      "name": "default",
      "provider": "provider[\"registry.terraform.io/hetznercloud/hcloud\"]",
      "instances": [
        {
          "schema_version": 0,
          "attributes": {
            "fingerprint": "71:88:0e:50:ef:a8:4a:78:c1:eb:1c:02:aa:6a:70:3b",
            "id": "100601865",
            "labels": {},
            "name": "windows-ssh-key",
            "public_key": "ssh-rsa AAAAB3NzaC1yc2EAAAADAQABAAACAQC9uJl1ezECynOIjvxvlwFcYCi1Xou/6bGvPuu7YXxCxGqHh2J8eHianhMl0yw1kmW0K/vfgXVMkOrVg4eCF03s+8j0XMonclQbkxnI6vo82TACiOI3M2zXhiJUFYj+bpfY9JSKUHxRlc2xegSNHSPZs9QIfuNO/XsimH42kuNWu6SW0jLQ4LiGuDCMX0ETjNHo5xfdpK+kjU9kBBZbJMFn4AaPOzBHug4+ceSaiInt6WaULS36kJjh0iaGpyET+CPbfpR0mLCtFZc3SK0wA+h4TGW5V390kL32WQ72767XYHtjpofweSXPml0VWIp4JeRhfrJMe96m/mXOfMuxIKBKay04BxJF0EB7YX4O68752xk8017dPVy3HUtK5Vkf/zcEOmZEsqniEPtbdFagxtsI9/Fr0OLihZN+ltaUsVpX9O+QqpHHm6zWb6uh4PskVMw1Xv3c9gZUF+iEEXSX3cEZbkRZx+AdHXM0yU0pbccqUBiN24svnuXWunCcdUk2brSG1/T8Op/+RNbHFzaglUutCq8wE+/KMdNAGhbXU2AYSAgIKZ5YdCFqjdvN9YMm8lPwlODDvgS1cbwI4EceLlI0kYQazh6Kqta+Dd4du/aYjVKuDdw5aXfjtRJaZ60YBox+L9EKJuep/awJAmo2VQ5kvnl6eASL+iL3Mwmd3MGY4Q== habub@SydAsus\r\n"
          },
          "sensitive_attributes": [],
          "identity_schema_version": 0
        }
      ]
    }
  ],
  "check_results": null
}
